// !$*UTF8*$!
{
	archiveVersion = 1;
	classes = {
	};
	objectVersion = 46;
	objects = {

/* Begin PBXBuildFile section */
		728E8D601974D0A026D23615 /* libPods-TempoDisc.a in Frameworks */ = {isa = PBXBuildFile; fileRef = 03C960A4789B2BDCCD7404E0 /* libPods-TempoDisc.a */; };
		CB16BA371C82E67E00C99C41 /* main.m in Sources */ = {isa = PBXBuildFile; fileRef = CB16BA361C82E67E00C99C41 /* main.m */; };
		CB16BA3A1C82E67E00C99C41 /* AppDelegate.m in Sources */ = {isa = PBXBuildFile; fileRef = CB16BA391C82E67E00C99C41 /* AppDelegate.m */; };
		CB16BA401C82E67E00C99C41 /* Main.storyboard in Resources */ = {isa = PBXBuildFile; fileRef = CB16BA3E1C82E67E00C99C41 /* Main.storyboard */; };
		CB16BA431C82E67E00C99C41 /* TempoDisc.xcdatamodeld in Sources */ = {isa = PBXBuildFile; fileRef = CB16BA411C82E67E00C99C41 /* TempoDisc.xcdatamodeld */; };
		CB16BA451C82E67E00C99C41 /* Assets.xcassets in Resources */ = {isa = PBXBuildFile; fileRef = CB16BA441C82E67E00C99C41 /* Assets.xcassets */; };
		CB16BA481C82E67E00C99C41 /* LaunchScreen.storyboard in Resources */ = {isa = PBXBuildFile; fileRef = CB16BA461C82E67E00C99C41 /* LaunchScreen.storyboard */; };
		CB16BA551C82E75F00C99C41 /* TDDeviceListTableViewController.m in Sources */ = {isa = PBXBuildFile; fileRef = CB16BA541C82E75F00C99C41 /* TDDeviceListTableViewController.m */; };
		CB16BA5B1C82ECFE00C99C41 /* TDDeviceTableViewCell.m in Sources */ = {isa = PBXBuildFile; fileRef = CB16BA5A1C82ECFE00C99C41 /* TDDeviceTableViewCell.m */; };
		CB16BA5D1C82EFA800C99C41 /* CoreBluetooth.framework in Frameworks */ = {isa = PBXBuildFile; fileRef = CB16BA5C1C82EFA800C99C41 /* CoreBluetooth.framework */; };
		CB16BA721C83007B00C99C41 /* Reading+CoreDataProperties.m in Sources */ = {isa = PBXBuildFile; fileRef = CB16BA651C83007B00C99C41 /* Reading+CoreDataProperties.m */; };
		CB16BA731C83007B00C99C41 /* Reading.m in Sources */ = {isa = PBXBuildFile; fileRef = CB16BA671C83007B00C99C41 /* Reading.m */; };
		CB16BA741C83007B00C99C41 /* ReadingType+CoreDataProperties.m in Sources */ = {isa = PBXBuildFile; fileRef = CB16BA6A1C83007B00C99C41 /* ReadingType+CoreDataProperties.m */; };
		CB16BA751C83007B00C99C41 /* ReadingType.m in Sources */ = {isa = PBXBuildFile; fileRef = CB16BA6C1C83007B00C99C41 /* ReadingType.m */; };
		CB16BA761C83007B00C99C41 /* TempoDevice+CoreDataProperties.m in Sources */ = {isa = PBXBuildFile; fileRef = CB16BA6F1C83007B00C99C41 /* TempoDevice+CoreDataProperties.m */; };
		CB16BA771C83007B00C99C41 /* TempoDevice.m in Sources */ = {isa = PBXBuildFile; fileRef = CB16BA711C83007B00C99C41 /* TempoDevice.m */; };
		CB16BA7B1C83123A00C99C41 /* TDHelper.m in Sources */ = {isa = PBXBuildFile; fileRef = CB16BA7A1C83123A00C99C41 /* TDHelper.m */; };
		CB16BA7F1C83126600C99C41 /* TDDefaultDevice.m in Sources */ = {isa = PBXBuildFile; fileRef = CB16BA7E1C83126600C99C41 /* TDDefaultDevice.m */; };
		CB16BA831C8313ED00C99C41 /* TDDeviceInfoViewController.m in Sources */ = {isa = PBXBuildFile; fileRef = CB16BA821C8313ED00C99C41 /* TDDeviceInfoViewController.m */; };
/* End PBXBuildFile section */

/* Begin PBXFileReference section */
		03C960A4789B2BDCCD7404E0 /* libPods-TempoDisc.a */ = {isa = PBXFileReference; explicitFileType = archive.ar; includeInIndex = 0; path = "libPods-TempoDisc.a"; sourceTree = BUILT_PRODUCTS_DIR; };
		55CCD904E784162299EFA2AA /* Pods-TempoDisc.release.xcconfig */ = {isa = PBXFileReference; includeInIndex = 1; lastKnownFileType = text.xcconfig; name = "Pods-TempoDisc.release.xcconfig"; path = "Pods/Target Support Files/Pods-TempoDisc/Pods-TempoDisc.release.xcconfig"; sourceTree = "<group>"; };
		96C4C692DB4298041AE2D241 /* Pods-TempoDisc.debug.xcconfig */ = {isa = PBXFileReference; includeInIndex = 1; lastKnownFileType = text.xcconfig; name = "Pods-TempoDisc.debug.xcconfig"; path = "Pods/Target Support Files/Pods-TempoDisc/Pods-TempoDisc.debug.xcconfig"; sourceTree = "<group>"; };
		CB16BA321C82E67E00C99C41 /* TempoDisc.app */ = {isa = PBXFileReference; explicitFileType = wrapper.application; includeInIndex = 0; path = TempoDisc.app; sourceTree = BUILT_PRODUCTS_DIR; };
		CB16BA361C82E67E00C99C41 /* main.m */ = {isa = PBXFileReference; lastKnownFileType = sourcecode.c.objc; path = main.m; sourceTree = "<group>"; };
		CB16BA381C82E67E00C99C41 /* AppDelegate.h */ = {isa = PBXFileReference; lastKnownFileType = sourcecode.c.h; path = AppDelegate.h; sourceTree = "<group>"; };
		CB16BA391C82E67E00C99C41 /* AppDelegate.m */ = {isa = PBXFileReference; lastKnownFileType = sourcecode.c.objc; path = AppDelegate.m; sourceTree = "<group>"; };
		CB16BA3F1C82E67E00C99C41 /* Base */ = {isa = PBXFileReference; lastKnownFileType = file.storyboard; name = Base; path = Base.lproj/Main.storyboard; sourceTree = "<group>"; };
		CB16BA421C82E67E00C99C41 /* TempoDisc.xcdatamodel */ = {isa = PBXFileReference; lastKnownFileType = wrapper.xcdatamodel; path = TempoDisc.xcdatamodel; sourceTree = "<group>"; };
		CB16BA441C82E67E00C99C41 /* Assets.xcassets */ = {isa = PBXFileReference; lastKnownFileType = folder.assetcatalog; path = Assets.xcassets; sourceTree = "<group>"; };
		CB16BA471C82E67E00C99C41 /* Base */ = {isa = PBXFileReference; lastKnownFileType = file.storyboard; name = Base; path = Base.lproj/LaunchScreen.storyboard; sourceTree = "<group>"; };
		CB16BA491C82E67E00C99C41 /* Info.plist */ = {isa = PBXFileReference; lastKnownFileType = text.plist.xml; path = Info.plist; sourceTree = "<group>"; };
		CB16BA531C82E75F00C99C41 /* TDDeviceListTableViewController.h */ = {isa = PBXFileReference; fileEncoding = 4; lastKnownFileType = sourcecode.c.h; path = TDDeviceListTableViewController.h; sourceTree = "<group>"; };
		CB16BA541C82E75F00C99C41 /* TDDeviceListTableViewController.m */ = {isa = PBXFileReference; fileEncoding = 4; lastKnownFileType = sourcecode.c.objc; path = TDDeviceListTableViewController.m; sourceTree = "<group>"; };
		CB16BA591C82ECFE00C99C41 /* TDDeviceTableViewCell.h */ = {isa = PBXFileReference; fileEncoding = 4; lastKnownFileType = sourcecode.c.h; path = TDDeviceTableViewCell.h; sourceTree = "<group>"; };
		CB16BA5A1C82ECFE00C99C41 /* TDDeviceTableViewCell.m */ = {isa = PBXFileReference; fileEncoding = 4; lastKnownFileType = sourcecode.c.objc; path = TDDeviceTableViewCell.m; sourceTree = "<group>"; };
		CB16BA5C1C82EFA800C99C41 /* CoreBluetooth.framework */ = {isa = PBXFileReference; lastKnownFileType = wrapper.framework; name = CoreBluetooth.framework; path = System/Library/Frameworks/CoreBluetooth.framework; sourceTree = SDKROOT; };
		CB16BA611C82FB4E00C99C41 /* TempoDiscPCH.pch */ = {isa = PBXFileReference; fileEncoding = 4; lastKnownFileType = sourcecode.c.h; path = TempoDiscPCH.pch; sourceTree = "<group>"; };
		CB16BA641C83007B00C99C41 /* Reading+CoreDataProperties.h */ = {isa = PBXFileReference; fileEncoding = 4; lastKnownFileType = sourcecode.c.h; path = "Reading+CoreDataProperties.h"; sourceTree = "<group>"; };
		CB16BA651C83007B00C99C41 /* Reading+CoreDataProperties.m */ = {isa = PBXFileReference; fileEncoding = 4; lastKnownFileType = sourcecode.c.objc; path = "Reading+CoreDataProperties.m"; sourceTree = "<group>"; };
		CB16BA661C83007B00C99C41 /* Reading.h */ = {isa = PBXFileReference; fileEncoding = 4; lastKnownFileType = sourcecode.c.h; path = Reading.h; sourceTree = "<group>"; };
		CB16BA671C83007B00C99C41 /* Reading.m */ = {isa = PBXFileReference; fileEncoding = 4; lastKnownFileType = sourcecode.c.objc; path = Reading.m; sourceTree = "<group>"; };
		CB16BA691C83007B00C99C41 /* ReadingType+CoreDataProperties.h */ = {isa = PBXFileReference; fileEncoding = 4; lastKnownFileType = sourcecode.c.h; path = "ReadingType+CoreDataProperties.h"; sourceTree = "<group>"; };
		CB16BA6A1C83007B00C99C41 /* ReadingType+CoreDataProperties.m */ = {isa = PBXFileReference; fileEncoding = 4; lastKnownFileType = sourcecode.c.objc; path = "ReadingType+CoreDataProperties.m"; sourceTree = "<group>"; };
		CB16BA6B1C83007B00C99C41 /* ReadingType.h */ = {isa = PBXFileReference; fileEncoding = 4; lastKnownFileType = sourcecode.c.h; path = ReadingType.h; sourceTree = "<group>"; };
		CB16BA6C1C83007B00C99C41 /* ReadingType.m */ = {isa = PBXFileReference; fileEncoding = 4; lastKnownFileType = sourcecode.c.objc; path = ReadingType.m; sourceTree = "<group>"; };
		CB16BA6E1C83007B00C99C41 /* TempoDevice+CoreDataProperties.h */ = {isa = PBXFileReference; fileEncoding = 4; lastKnownFileType = sourcecode.c.h; path = "TempoDevice+CoreDataProperties.h"; sourceTree = "<group>"; };
		CB16BA6F1C83007B00C99C41 /* TempoDevice+CoreDataProperties.m */ = {isa = PBXFileReference; fileEncoding = 4; lastKnownFileType = sourcecode.c.objc; path = "TempoDevice+CoreDataProperties.m"; sourceTree = "<group>"; };
		CB16BA701C83007B00C99C41 /* TempoDevice.h */ = {isa = PBXFileReference; fileEncoding = 4; lastKnownFileType = sourcecode.c.h; path = TempoDevice.h; sourceTree = "<group>"; };
		CB16BA711C83007B00C99C41 /* TempoDevice.m */ = {isa = PBXFileReference; fileEncoding = 4; lastKnownFileType = sourcecode.c.objc; path = TempoDevice.m; sourceTree = "<group>"; };
		CB16BA791C83123A00C99C41 /* TDHelper.h */ = {isa = PBXFileReference; fileEncoding = 4; lastKnownFileType = sourcecode.c.h; path = TDHelper.h; sourceTree = "<group>"; };
		CB16BA7A1C83123A00C99C41 /* TDHelper.m */ = {isa = PBXFileReference; fileEncoding = 4; lastKnownFileType = sourcecode.c.objc; path = TDHelper.m; sourceTree = "<group>"; };
		CB16BA7D1C83126600C99C41 /* TDDefaultDevice.h */ = {isa = PBXFileReference; fileEncoding = 4; lastKnownFileType = sourcecode.c.h; path = TDDefaultDevice.h; sourceTree = "<group>"; };
		CB16BA7E1C83126600C99C41 /* TDDefaultDevice.m */ = {isa = PBXFileReference; fileEncoding = 4; lastKnownFileType = sourcecode.c.objc; path = TDDefaultDevice.m; sourceTree = "<group>"; };
		CB16BA811C8313ED00C99C41 /* TDDeviceInfoViewController.h */ = {isa = PBXFileReference; fileEncoding = 4; lastKnownFileType = sourcecode.c.h; path = TDDeviceInfoViewController.h; sourceTree = "<group>"; };
		CB16BA821C8313ED00C99C41 /* TDDeviceInfoViewController.m */ = {isa = PBXFileReference; fileEncoding = 4; lastKnownFileType = sourcecode.c.objc; path = TDDeviceInfoViewController.m; sourceTree = "<group>"; };
/* End PBXFileReference section */

/* Begin PBXFrameworksBuildPhase section */
		CB16BA2F1C82E67E00C99C41 /* Frameworks */ = {
			isa = PBXFrameworksBuildPhase;
			buildActionMask = 2147483647;
			files = (
				CB16BA5D1C82EFA800C99C41 /* CoreBluetooth.framework in Frameworks */,
				728E8D601974D0A026D23615 /* libPods-TempoDisc.a in Frameworks */,
			);
			runOnlyForDeploymentPostprocessing = 0;
		};
/* End PBXFrameworksBuildPhase section */

/* Begin PBXGroup section */
		5BC96D5A0DAF27AC283DCA16 /* Pods */ = {
			isa = PBXGroup;
			children = (
				96C4C692DB4298041AE2D241 /* Pods-TempoDisc.debug.xcconfig */,
				55CCD904E784162299EFA2AA /* Pods-TempoDisc.release.xcconfig */,
			);
			name = Pods;
			sourceTree = "<group>";
		};
		CB16BA291C82E67E00C99C41 = {
			isa = PBXGroup;
			children = (
				CB16BA341C82E67E00C99C41 /* TempoDisc */,
				CB16BA331C82E67E00C99C41 /* Products */,
				5BC96D5A0DAF27AC283DCA16 /* Pods */,
				D1C4DF213B5628AD5B36CA9E /* Frameworks */,
			);
			sourceTree = "<group>";
		};
		CB16BA331C82E67E00C99C41 /* Products */ = {
			isa = PBXGroup;
			children = (
				CB16BA321C82E67E00C99C41 /* TempoDisc.app */,
			);
			name = Products;
			sourceTree = "<group>";
		};
		CB16BA341C82E67E00C99C41 /* TempoDisc */ = {
			isa = PBXGroup;
			children = (
				CB16BA4F1C82E70C00C99C41 /* 3rdParty */,
				CB16BA621C83003200C99C41 /* Models */,
				CB16BA561C82ECC600C99C41 /* Cells */,
				CB16BA571C82ECC600C99C41 /* Views */,
				CB16BA511C82E70C00C99C41 /* ViewControllers */,
				CB16BA501C82E70C00C99C41 /* Utilities */,
				CB16BA381C82E67E00C99C41 /* AppDelegate.h */,
				CB16BA391C82E67E00C99C41 /* AppDelegate.m */,
				CB16BA3E1C82E67E00C99C41 /* Main.storyboard */,
				CB16BA441C82E67E00C99C41 /* Assets.xcassets */,
				CB16BA461C82E67E00C99C41 /* LaunchScreen.storyboard */,
				CB16BA491C82E67E00C99C41 /* Info.plist */,
				CB16BA411C82E67E00C99C41 /* TempoDisc.xcdatamodeld */,
				CB16BA351C82E67E00C99C41 /* Supporting Files */,
			);
			path = TempoDisc;
			sourceTree = "<group>";
		};
		CB16BA351C82E67E00C99C41 /* Supporting Files */ = {
			isa = PBXGroup;
			children = (
				CB16BA361C82E67E00C99C41 /* main.m */,
				CB16BA611C82FB4E00C99C41 /* TempoDiscPCH.pch */,
			);
			name = "Supporting Files";
			sourceTree = "<group>";
		};
		CB16BA4F1C82E70C00C99C41 /* 3rdParty */ = {
			isa = PBXGroup;
			children = (
			);
			path = 3rdParty;
			sourceTree = "<group>";
		};
		CB16BA501C82E70C00C99C41 /* Utilities */ = {
			isa = PBXGroup;
			children = (
				CB16BA7C1C83125600C99C41 /* DefaultDevice */,
				CB16BA781C83123A00C99C41 /* Helper */,
			);
			path = Utilities;
			sourceTree = "<group>";
		};
		CB16BA511C82E70C00C99C41 /* ViewControllers */ = {
			isa = PBXGroup;
			children = (
				CB16BA521C82E74200C99C41 /* DeviceList */,
				CB16BA801C8313CD00C99C41 /* DeviceInfo */,
			);
			path = ViewControllers;
			sourceTree = "<group>";
		};
		CB16BA521C82E74200C99C41 /* DeviceList */ = {
			isa = PBXGroup;
			children = (
				CB16BA531C82E75F00C99C41 /* TDDeviceListTableViewController.h */,
				CB16BA541C82E75F00C99C41 /* TDDeviceListTableViewController.m */,
			);
			path = DeviceList;
			sourceTree = "<group>";
		};
		CB16BA561C82ECC600C99C41 /* Cells */ = {
			isa = PBXGroup;
			children = (
				CB16BA581C82ECE700C99C41 /* Device */,
			);
			path = Cells;
			sourceTree = "<group>";
		};
		CB16BA571C82ECC600C99C41 /* Views */ = {
			isa = PBXGroup;
			children = (
			);
			path = Views;
			sourceTree = "<group>";
		};
		CB16BA581C82ECE700C99C41 /* Device */ = {
			isa = PBXGroup;
			children = (
				CB16BA591C82ECFE00C99C41 /* TDDeviceTableViewCell.h */,
				CB16BA5A1C82ECFE00C99C41 /* TDDeviceTableViewCell.m */,
			);
			path = Device;
			sourceTree = "<group>";
		};
		CB16BA621C83003200C99C41 /* Models */ = {
			isa = PBXGroup;
			children = (
				CB16BA6D1C83007B00C99C41 /* TempoDevice */,
				CB16BA681C83007B00C99C41 /* ReadingType */,
				CB16BA631C83007B00C99C41 /* Reading */,
			);
			path = Models;
			sourceTree = "<group>";
		};
		CB16BA631C83007B00C99C41 /* Reading */ = {
			isa = PBXGroup;
			children = (
				CB16BA641C83007B00C99C41 /* Reading+CoreDataProperties.h */,
				CB16BA651C83007B00C99C41 /* Reading+CoreDataProperties.m */,
				CB16BA661C83007B00C99C41 /* Reading.h */,
				CB16BA671C83007B00C99C41 /* Reading.m */,
			);
			path = Reading;
			sourceTree = "<group>";
		};
		CB16BA681C83007B00C99C41 /* ReadingType */ = {
			isa = PBXGroup;
			children = (
				CB16BA691C83007B00C99C41 /* ReadingType+CoreDataProperties.h */,
				CB16BA6A1C83007B00C99C41 /* ReadingType+CoreDataProperties.m */,
				CB16BA6B1C83007B00C99C41 /* ReadingType.h */,
				CB16BA6C1C83007B00C99C41 /* ReadingType.m */,
			);
			path = ReadingType;
			sourceTree = "<group>";
		};
		CB16BA6D1C83007B00C99C41 /* TempoDevice */ = {
			isa = PBXGroup;
			children = (
				CB16BA6E1C83007B00C99C41 /* TempoDevice+CoreDataProperties.h */,
				CB16BA6F1C83007B00C99C41 /* TempoDevice+CoreDataProperties.m */,
				CB16BA701C83007B00C99C41 /* TempoDevice.h */,
				CB16BA711C83007B00C99C41 /* TempoDevice.m */,
			);
			path = TempoDevice;
			sourceTree = "<group>";
		};
		CB16BA781C83123A00C99C41 /* Helper */ = {
			isa = PBXGroup;
			children = (
				CB16BA791C83123A00C99C41 /* TDHelper.h */,
				CB16BA7A1C83123A00C99C41 /* TDHelper.m */,
			);
			path = Helper;
			sourceTree = "<group>";
		};
		CB16BA7C1C83125600C99C41 /* DefaultDevice */ = {
			isa = PBXGroup;
			children = (
				CB16BA7D1C83126600C99C41 /* TDDefaultDevice.h */,
				CB16BA7E1C83126600C99C41 /* TDDefaultDevice.m */,
			);
			path = DefaultDevice;
			sourceTree = "<group>";
		};
		CB16BA801C8313CD00C99C41 /* DeviceInfo */ = {
			isa = PBXGroup;
			children = (
				CB16BA811C8313ED00C99C41 /* TDDeviceInfoViewController.h */,
				CB16BA821C8313ED00C99C41 /* TDDeviceInfoViewController.m */,
			);
			path = DeviceInfo;
			sourceTree = "<group>";
		};
		D1C4DF213B5628AD5B36CA9E /* Frameworks */ = {
			isa = PBXGroup;
			children = (
				CB16BA5C1C82EFA800C99C41 /* CoreBluetooth.framework */,
				03C960A4789B2BDCCD7404E0 /* libPods-TempoDisc.a */,
			);
			name = Frameworks;
			sourceTree = "<group>";
		};
/* End PBXGroup section */

/* Begin PBXNativeTarget section */
		CB16BA311C82E67E00C99C41 /* TempoDisc */ = {
			isa = PBXNativeTarget;
			buildConfigurationList = CB16BA4C1C82E67E00C99C41 /* Build configuration list for PBXNativeTarget "TempoDisc" */;
			buildPhases = (
				4308E525AA55D7954055DBFC /* Check Pods Manifest.lock */,
				CB16BA2E1C82E67E00C99C41 /* Sources */,
				CB16BA2F1C82E67E00C99C41 /* Frameworks */,
				CB16BA301C82E67E00C99C41 /* Resources */,
				16B2CDAABE831E38A6D38019 /* Embed Pods Frameworks */,
				CF5A1A779D166D06CD4E629C /* Copy Pods Resources */,
			);
			buildRules = (
			);
			dependencies = (
			);
			name = TempoDisc;
			productName = TempoDisc;
			productReference = CB16BA321C82E67E00C99C41 /* TempoDisc.app */;
			productType = "com.apple.product-type.application";
		};
/* End PBXNativeTarget section */

/* Begin PBXProject section */
		CB16BA2A1C82E67E00C99C41 /* Project object */ = {
			isa = PBXProject;
			attributes = {
				LastUpgradeCheck = 0720;
				ORGANIZATIONNAME = BlueMaestro;
				TargetAttributes = {
					CB16BA311C82E67E00C99C41 = {
						CreatedOnToolsVersion = 7.2;
					};
				};
			};
			buildConfigurationList = CB16BA2D1C82E67E00C99C41 /* Build configuration list for PBXProject "TempoDisc" */;
			compatibilityVersion = "Xcode 3.2";
			developmentRegion = English;
			hasScannedForEncodings = 0;
			knownRegions = (
				en,
				Base,
			);
			mainGroup = CB16BA291C82E67E00C99C41;
			productRefGroup = CB16BA331C82E67E00C99C41 /* Products */;
			projectDirPath = "";
			projectRoot = "";
			targets = (
				CB16BA311C82E67E00C99C41 /* TempoDisc */,
			);
		};
/* End PBXProject section */

/* Begin PBXResourcesBuildPhase section */
		CB16BA301C82E67E00C99C41 /* Resources */ = {
			isa = PBXResourcesBuildPhase;
			buildActionMask = 2147483647;
			files = (
				CB16BA481C82E67E00C99C41 /* LaunchScreen.storyboard in Resources */,
				CB16BA451C82E67E00C99C41 /* Assets.xcassets in Resources */,
				CB16BA401C82E67E00C99C41 /* Main.storyboard in Resources */,
			);
			runOnlyForDeploymentPostprocessing = 0;
		};
/* End PBXResourcesBuildPhase section */

/* Begin PBXShellScriptBuildPhase section */
		16B2CDAABE831E38A6D38019 /* Embed Pods Frameworks */ = {
			isa = PBXShellScriptBuildPhase;
			buildActionMask = 2147483647;
			files = (
			);
			inputPaths = (
			);
			name = "Embed Pods Frameworks";
			outputPaths = (
			);
			runOnlyForDeploymentPostprocessing = 0;
			shellPath = /bin/sh;
			shellScript = "\"${SRCROOT}/Pods/Target Support Files/Pods-TempoDisc/Pods-TempoDisc-frameworks.sh\"\n";
			showEnvVarsInLog = 0;
		};
		4308E525AA55D7954055DBFC /* Check Pods Manifest.lock */ = {
			isa = PBXShellScriptBuildPhase;
			buildActionMask = 2147483647;
			files = (
			);
			inputPaths = (
			);
			name = "Check Pods Manifest.lock";
			outputPaths = (
			);
			runOnlyForDeploymentPostprocessing = 0;
			shellPath = /bin/sh;
			shellScript = "diff \"${PODS_ROOT}/../Podfile.lock\" \"${PODS_ROOT}/Manifest.lock\" > /dev/null\nif [[ $? != 0 ]] ; then\n    cat << EOM\nerror: The sandbox is not in sync with the Podfile.lock. Run 'pod install' or update your CocoaPods installation.\nEOM\n    exit 1\nfi\n";
			showEnvVarsInLog = 0;
		};
		CF5A1A779D166D06CD4E629C /* Copy Pods Resources */ = {
			isa = PBXShellScriptBuildPhase;
			buildActionMask = 2147483647;
			files = (
			);
			inputPaths = (
			);
			name = "Copy Pods Resources";
			outputPaths = (
			);
			runOnlyForDeploymentPostprocessing = 0;
			shellPath = /bin/sh;
			shellScript = "\"${SRCROOT}/Pods/Target Support Files/Pods-TempoDisc/Pods-TempoDisc-resources.sh\"\n";
			showEnvVarsInLog = 0;
		};
/* End PBXShellScriptBuildPhase section */

/* Begin PBXSourcesBuildPhase section */
		CB16BA2E1C82E67E00C99C41 /* Sources */ = {
			isa = PBXSourcesBuildPhase;
			buildActionMask = 2147483647;
			files = (
				CB16BA3A1C82E67E00C99C41 /* AppDelegate.m in Sources */,
				CB16BA551C82E75F00C99C41 /* TDDeviceListTableViewController.m in Sources */,
				CB16BA831C8313ED00C99C41 /* TDDeviceInfoViewController.m in Sources */,
				CB16BA431C82E67E00C99C41 /* TempoDisc.xcdatamodeld in Sources */,
				CB16BA721C83007B00C99C41 /* Reading+CoreDataProperties.m in Sources */,
				CB16BA5B1C82ECFE00C99C41 /* TDDeviceTableViewCell.m in Sources */,
				CB16BA7B1C83123A00C99C41 /* TDHelper.m in Sources */,
				CB16BA371C82E67E00C99C41 /* main.m in Sources */,
				CB16BA731C83007B00C99C41 /* Reading.m in Sources */,
				CB16BA741C83007B00C99C41 /* ReadingType+CoreDataProperties.m in Sources */,
				CB16BA761C83007B00C99C41 /* TempoDevice+CoreDataProperties.m in Sources */,
				CB16BA771C83007B00C99C41 /* TempoDevice.m in Sources */,
				CB16BA751C83007B00C99C41 /* ReadingType.m in Sources */,
				CB16BA7F1C83126600C99C41 /* TDDefaultDevice.m in Sources */,
			);
			runOnlyForDeploymentPostprocessing = 0;
		};
/* End PBXSourcesBuildPhase section */

/* Begin PBXVariantGroup section */
		CB16BA3E1C82E67E00C99C41 /* Main.storyboard */ = {
			isa = PBXVariantGroup;
			children = (
				CB16BA3F1C82E67E00C99C41 /* Base */,
			);
			name = Main.storyboard;
			sourceTree = "<group>";
		};
		CB16BA461C82E67E00C99C41 /* LaunchScreen.storyboard */ = {
			isa = PBXVariantGroup;
			children = (
				CB16BA471C82E67E00C99C41 /* Base */,
			);
			name = LaunchScreen.storyboard;
			sourceTree = "<group>";
		};
/* End PBXVariantGroup section */

/* Begin XCBuildConfiguration section */
		CB16BA4A1C82E67E00C99C41 /* Debug */ = {
			isa = XCBuildConfiguration;
			buildSettings = {
				ALWAYS_SEARCH_USER_PATHS = NO;
				CLANG_CXX_LANGUAGE_STANDARD = "gnu++0x";
				CLANG_CXX_LIBRARY = "libc++";
				CLANG_ENABLE_MODULES = YES;
				CLANG_ENABLE_OBJC_ARC = YES;
				CLANG_WARN_BOOL_CONVERSION = YES;
				CLANG_WARN_CONSTANT_CONVERSION = YES;
				CLANG_WARN_DIRECT_OBJC_ISA_USAGE = YES_ERROR;
				CLANG_WARN_EMPTY_BODY = YES;
				CLANG_WARN_ENUM_CONVERSION = YES;
				CLANG_WARN_INT_CONVERSION = YES;
				CLANG_WARN_OBJC_ROOT_CLASS = YES_ERROR;
				CLANG_WARN_UNREACHABLE_CODE = YES;
				CLANG_WARN__DUPLICATE_METHOD_MATCH = YES;
				"CODE_SIGN_IDENTITY[sdk=iphoneos*]" = "iPhone Developer";
				COPY_PHASE_STRIP = NO;
				DEBUG_INFORMATION_FORMAT = dwarf;
				ENABLE_STRICT_OBJC_MSGSEND = YES;
				ENABLE_TESTABILITY = YES;
				GCC_C_LANGUAGE_STANDARD = gnu99;
				GCC_DYNAMIC_NO_PIC = NO;
				GCC_NO_COMMON_BLOCKS = YES;
				GCC_OPTIMIZATION_LEVEL = 0;
				GCC_PREPROCESSOR_DEFINITIONS = (
					"DEBUG=1",
					"$(inherited)",
				);
				GCC_WARN_64_TO_32_BIT_CONVERSION = YES;
				GCC_WARN_ABOUT_RETURN_TYPE = YES_ERROR;
				GCC_WARN_UNDECLARED_SELECTOR = YES;
				GCC_WARN_UNINITIALIZED_AUTOS = YES_AGGRESSIVE;
				GCC_WARN_UNUSED_FUNCTION = YES;
				GCC_WARN_UNUSED_VARIABLE = YES;
				IPHONEOS_DEPLOYMENT_TARGET = 9.2;
				MTL_ENABLE_DEBUG_INFO = YES;
				ONLY_ACTIVE_ARCH = YES;
				SDKROOT = iphoneos;
				TARGETED_DEVICE_FAMILY = "1,2";
			};
			name = Debug;
		};
		CB16BA4B1C82E67E00C99C41 /* Release */ = {
			isa = XCBuildConfiguration;
			buildSettings = {
				ALWAYS_SEARCH_USER_PATHS = NO;
				CLANG_CXX_LANGUAGE_STANDARD = "gnu++0x";
				CLANG_CXX_LIBRARY = "libc++";
				CLANG_ENABLE_MODULES = YES;
				CLANG_ENABLE_OBJC_ARC = YES;
				CLANG_WARN_BOOL_CONVERSION = YES;
				CLANG_WARN_CONSTANT_CONVERSION = YES;
				CLANG_WARN_DIRECT_OBJC_ISA_USAGE = YES_ERROR;
				CLANG_WARN_EMPTY_BODY = YES;
				CLANG_WARN_ENUM_CONVERSION = YES;
				CLANG_WARN_INT_CONVERSION = YES;
				CLANG_WARN_OBJC_ROOT_CLASS = YES_ERROR;
				CLANG_WARN_UNREACHABLE_CODE = YES;
				CLANG_WARN__DUPLICATE_METHOD_MATCH = YES;
				"CODE_SIGN_IDENTITY[sdk=iphoneos*]" = "iPhone Developer";
				COPY_PHASE_STRIP = NO;
				DEBUG_INFORMATION_FORMAT = "dwarf-with-dsym";
				ENABLE_NS_ASSERTIONS = NO;
				ENABLE_STRICT_OBJC_MSGSEND = YES;
				GCC_C_LANGUAGE_STANDARD = gnu99;
				GCC_NO_COMMON_BLOCKS = YES;
				GCC_WARN_64_TO_32_BIT_CONVERSION = YES;
				GCC_WARN_ABOUT_RETURN_TYPE = YES_ERROR;
				GCC_WARN_UNDECLARED_SELECTOR = YES;
				GCC_WARN_UNINITIALIZED_AUTOS = YES_AGGRESSIVE;
				GCC_WARN_UNUSED_FUNCTION = YES;
				GCC_WARN_UNUSED_VARIABLE = YES;
				IPHONEOS_DEPLOYMENT_TARGET = 9.2;
				MTL_ENABLE_DEBUG_INFO = NO;
				SDKROOT = iphoneos;
				TARGETED_DEVICE_FAMILY = "1,2";
				VALIDATE_PRODUCT = YES;
			};
			name = Release;
		};
		CB16BA4D1C82E67E00C99C41 /* Debug */ = {
			isa = XCBuildConfiguration;
			baseConfigurationReference = 96C4C692DB4298041AE2D241 /* Pods-TempoDisc.debug.xcconfig */;
			buildSettings = {
				ASSETCATALOG_COMPILER_APPICON_NAME = AppIcon;
				GCC_PREFIX_HEADER = TempoDisc/TempoDiscPCH.pch;
				INFOPLIST_FILE = TempoDisc/Info.plist;
				LD_RUNPATH_SEARCH_PATHS = "$(inherited) @executable_path/Frameworks";
				PRODUCT_BUNDLE_IDENTIFIER = com.bluemaestro.TempoDisc;
				PRODUCT_NAME = "$(TARGET_NAME)";
			};
			name = Debug;
		};
		CB16BA4E1C82E67E00C99C41 /* Release */ = {
			isa = XCBuildConfiguration;
			baseConfigurationReference = 55CCD904E784162299EFA2AA /* Pods-TempoDisc.release.xcconfig */;
			buildSettings = {
				ASSETCATALOG_COMPILER_APPICON_NAME = AppIcon;
				GCC_PREFIX_HEADER = TempoDisc/TempoDiscPCH.pch;
				INFOPLIST_FILE = TempoDisc/Info.plist;
				LD_RUNPATH_SEARCH_PATHS = "$(inherited) @executable_path/Frameworks";
				PRODUCT_BUNDLE_IDENTIFIER = com.bluemaestro.TempoDisc;
				PRODUCT_NAME = "$(TARGET_NAME)";
			};
			name = Release;
		};
/* End XCBuildConfiguration section */

/* Begin XCConfigurationList section */
		CB16BA2D1C82E67E00C99C41 /* Build configuration list for PBXProject "TempoDisc" */ = {
			isa = XCConfigurationList;
			buildConfigurations = (
				CB16BA4A1C82E67E00C99C41 /* Debug */,
				CB16BA4B1C82E67E00C99C41 /* Release */,
			);
			defaultConfigurationIsVisible = 0;
			defaultConfigurationName = Release;
		};
		CB16BA4C1C82E67E00C99C41 /* Build configuration list for PBXNativeTarget "TempoDisc" */ = {
			isa = XCConfigurationList;
			buildConfigurations = (
				CB16BA4D1C82E67E00C99C41 /* Debug */,
				CB16BA4E1C82E67E00C99C41 /* Release */,
			);
			defaultConfigurationIsVisible = 0;
			defaultConfigurationName = Release;
		};
/* End XCConfigurationList section */

/* Begin XCVersionGroup section */
		CB16BA411C82E67E00C99C41 /* TempoDisc.xcdatamodeld */ = {
			isa = XCVersionGroup;
			children = (
				CB16BA421C82E67E00C99C41 /* TempoDisc.xcdatamodel */,
			);
			currentVersion = CB16BA421C82E67E00C99C41 /* TempoDisc.xcdatamodel */;
			path = TempoDisc.xcdatamodeld;
			sourceTree = "<group>";
			versionGroupType = wrapper.xcdatamodel;
		};
/* End XCVersionGroup section */
	};
	rootObject = CB16BA2A1C82E67E00C99C41 /* Project object */;
}
